<?xml version="1.0" encoding="utf-8"?>
<Project ToolsVersion="4.0" xmlns="http://schemas.microsoft.com/developer/msbuild/2003">
  <ItemGroup>
    <Filter Include="Source Files">
      <UniqueIdentifier>{4FC737F1-C7A5-4376-A066-2A32D752A2FF}</UniqueIdentifier>
      <Extensions>cpp;c;cc;cxx;def;odl;idl;hpj;bat;asm;asmx</Extensions>
    </Filter>
    <Filter Include="Header Files">
      <UniqueIdentifier>{93995380-89BD-4b04-88EB-625FBE52EBFB}</UniqueIdentifier>
      <Extensions>h;hh;hpp;hxx;hm;inl;inc;xsd</Extensions>
    </Filter>
    <Filter Include="Resource Files">
      <UniqueIdentifier>{67DA6AB6-F800-4c08-8B7A-83BB121AAD01}</UniqueIdentifier>
      <Extensions>rc;ico;cur;bmp;dlg;rc2;rct;bin;rgs;gif;jpg;jpeg;jpe;resx;tiff;tif;png;wav;mfcribbon-ms</Extensions>
    </Filter>
    <Filter Include="Header Files\Entities">
      <UniqueIdentifier>{266e5b18-3719-40cd-943c-cd9e5821bf2f}</UniqueIdentifier>
    </Filter>
    <Filter Include="Source Files\Entities">
      <UniqueIdentifier>{e192c421-42f9-4562-87f8-ac74c7e87a19}</UniqueIdentifier>
    </Filter>
    <Filter Include="Header Files\Observer">
      <UniqueIdentifier>{bb7bdb55-ebc9-46d5-9e2c-943390680727}</UniqueIdentifier>
    </Filter>
    <Filter Include="Header Files\UI Elements">
      <UniqueIdentifier>{35574505-47e7-4474-8dac-1ac8f0b62da5}</UniqueIdentifier>
    </Filter>
    <Filter Include="Source Files\UI Elements">
      <UniqueIdentifier>{2940a156-5ad3-4b33-a7e2-7935b999202d}</UniqueIdentifier>
    </Filter>
    <Filter Include="Source Files\Observer">
      <UniqueIdentifier>{97dc202c-ec90-45f7-82cb-936e19e5c99d}</UniqueIdentifier>
    </Filter>
    <Filter Include="Header Files\Observer\Events">
      <UniqueIdentifier>{47383c6e-aaa0-483d-9a71-1da8f96b0c4b}</UniqueIdentifier>
    </Filter>
    <Filter Include="Source Files\Observer\Events">
      <UniqueIdentifier>{a0348497-5c93-434c-9289-b186e8dfa4ce}</UniqueIdentifier>
    </Filter>
    <Filter Include="Header Files\Entities\Components">
      <UniqueIdentifier>{ac809bbc-2d34-4e24-8ecd-cc838b3dba8c}</UniqueIdentifier>
    </Filter>
    <Filter Include="Source Files\Entities\Components">
      <UniqueIdentifier>{3929476d-2eab-462a-afe0-1b59ced8b3b5}</UniqueIdentifier>
    </Filter>
    <Filter Include="Header Files\Entities\Behaviours">
      <UniqueIdentifier>{7d8fa495-5673-4bfd-8b5b-876b3a902f7f}</UniqueIdentifier>
    </Filter>
    <Filter Include="Source Files\Entities\Behaviours">
      <UniqueIdentifier>{6d10f577-acee-4a88-80e3-4987165e196c}</UniqueIdentifier>
    </Filter>
    <Filter Include="Header Files\State Machine">
      <UniqueIdentifier>{eda8ccf4-e4ca-43f2-87ce-bbc2b7415113}</UniqueIdentifier>
    </Filter>
    <Filter Include="Source Files\State Machine">
      <UniqueIdentifier>{471b6551-e972-44a9-a39c-02e6f66aef05}</UniqueIdentifier>
    </Filter>
    <Filter Include="Header Files\State Machine\Conditions">
      <UniqueIdentifier>{fdb984fd-e0ca-4da9-9363-ce7e72927a5a}</UniqueIdentifier>
    </Filter>
    <Filter Include="Header Files\State Machine\Conditions\Complex Conditions">
      <UniqueIdentifier>{21008e58-1583-408a-91a5-ea625df3a430}</UniqueIdentifier>
    </Filter>
    <Filter Include="Source Files\State Machine\Conditions">
      <UniqueIdentifier>{4ab9ca9d-c219-428c-9f82-13b1ab9e1fde}</UniqueIdentifier>
    </Filter>
    <Filter Include="Source Files\State Machine\Conditions\Complex Conditions">
      <UniqueIdentifier>{a7fbfede-29a2-483c-9a13-91da81a32c08}</UniqueIdentifier>
    </Filter>
    <Filter Include="Header Files\Entities\Components\Agents">
      <UniqueIdentifier>{f9fad9d1-85d0-4e11-8aaf-d85f1f607a67}</UniqueIdentifier>
    </Filter>
    <Filter Include="Source Files\Entities\Components\Agents">
      <UniqueIdentifier>{c48772ff-1912-4957-84c0-3768f60736d7}</UniqueIdentifier>
    </Filter>
    <Filter Include="Header Files\Entities\Behaviours\Steering">
      <UniqueIdentifier>{a8d135d5-6247-46d1-b781-959ac45651c5}</UniqueIdentifier>
    </Filter>
    <Filter Include="Source Files\Entities\Behaviours\Steering">
      <UniqueIdentifier>{6f0704a5-168a-4b6d-8841-abe63df2c723}</UniqueIdentifier>
    </Filter>
    <Filter Include="Header Files\State Machine\States">
      <UniqueIdentifier>{8f3fc7e0-fb6c-4cbd-a52e-61bc35e47854}</UniqueIdentifier>
    </Filter>
  </ItemGroup>
  <ItemGroup>
    <ClCompile Include="main.cpp">
      <Filter>Source Files</Filter>
    </ClCompile>
    <ClCompile Include="stdafx.cpp">
      <Filter>Source Files</Filter>
    </ClCompile>
    <ClCompile Include="Entity.cpp">
      <Filter>Source Files\Entities</Filter>
    </ClCompile>
    <ClCompile Include="Component.cpp">
      <Filter>Source Files\Entities\Components</Filter>
    </ClCompile>
    <ClCompile Include="Sprite.cpp">
      <Filter>Source Files\Entities\Components</Filter>
    </ClCompile>
    <ClCompile Include="GameProjectApp.cpp">
      <Filter>Source Files</Filter>
    </ClCompile>
    <ClCompile Include="EventManager.cpp">
      <Filter>Source Files\Observer</Filter>
    </ClCompile>
    <ClCompile Include="ResourceManager.cpp">
      <Filter>Source Files</Filter>
    </ClCompile>
    <ClCompile Include="TextBar.cpp">
      <Filter>Source Files\UI Elements</Filter>
    </ClCompile>
    <ClCompile Include="Button.cpp">
      <Filter>Source Files\UI Elements</Filter>
    </ClCompile>
    <ClCompile Include="EventBase.cpp">
      <Filter>Source Files\Observer\Events</Filter>
    </ClCompile>
    <ClCompile Include="Event.cpp">
      <Filter>Source Files\Observer\Events</Filter>
    </ClCompile>
    <ClCompile Include="InputEvent.cpp">
      <Filter>Source Files\Observer\Events</Filter>
    </ClCompile>
    <ClCompile Include="SpriteBase.cpp">
      <Filter>Source Files\Entities\Components</Filter>
    </ClCompile>
    <ClCompile Include="MultiSprite.cpp">
      <Filter>Source Files\Entities\Components</Filter>
    </ClCompile>
    <ClCompile Include="Collider.cpp">
      <Filter>Source Files\Entities\Components</Filter>
    </ClCompile>
    <ClCompile Include="SceneObject.cpp">
      <Filter>Source Files\Entities</Filter>
    </ClCompile>
    <ClCompile Include="EntityFactory.cpp">
      <Filter>Source Files\Entities</Filter>
    </ClCompile>
    <ClCompile Include="CollisionEvent.cpp">
      <Filter>Source Files\Observer\Events</Filter>
    </ClCompile>
    <ClCompile Include="KeyboardController.cpp">
      <Filter>Source Files\Entities\Behaviours</Filter>
    </ClCompile>
    <ClCompile Include="State.cpp">
      <Filter>Source Files\State Machine</Filter>
    </ClCompile>
    <ClCompile Include="Transition.cpp">
      <Filter>Source Files\State Machine</Filter>
    </ClCompile>
    <ClCompile Include="BinaryCondition.cpp">
      <Filter>Source Files\State Machine\Conditions\Complex Conditions</Filter>
    </ClCompile>
    <ClCompile Include="AndCondition.cpp">
      <Filter>Source Files\State Machine\Conditions\Complex Conditions</Filter>
    </ClCompile>
    <ClCompile Include="OrCondition.cpp">
      <Filter>Source Files\State Machine\Conditions\Complex Conditions</Filter>
    </ClCompile>
    <ClCompile Include="NotCondition.cpp">
      <Filter>Source Files\State Machine\Conditions\Complex Conditions</Filter>
    </ClCompile>
    <ClCompile Include="Agent.cpp">
      <Filter>Source Files\Entities\Components\Agents</Filter>
    </ClCompile>
    <ClCompile Include="FSMAgent.cpp">
      <Filter>Source Files\Entities\Components\Agents</Filter>
    </ClCompile>
    <ClCompile Include="ShipAgent.cpp">
      <Filter>Source Files\Entities\Components\Agents</Filter>
    </ClCompile>
    <ClCompile Include="utility.cpp">
      <Filter>Source Files</Filter>
    </ClCompile>
    <ClCompile Include="SteeringForce.cpp">
      <Filter>Source Files\Entities\Behaviours\Steering</Filter>
    </ClCompile>
    <ClCompile Include="SeekForce.cpp">
      <Filter>Source Files\Entities\Behaviours\Steering</Filter>
    </ClCompile>
    <ClCompile Include="DrunkenModifier.cpp">
      <Filter>Source Files\Entities\Behaviours</Filter>
    </ClCompile>
    <ClCompile Include="FSMBehaviour.cpp">
      <Filter>Source Files\Entities\Behaviours</Filter>
    </ClCompile>
    <ClCompile Include="TargetInRangeCondition.cpp">
      <Filter>Source Files\State Machine\Conditions</Filter>
    </ClCompile>
    <ClCompile Include="TimerCondition.cpp">
      <Filter>Source Files\State Machine\Conditions</Filter>
    </ClCompile>
    <ClCompile Include="GuardStates.cpp">
      <Filter>Source Files</Filter>
    </ClCompile>
  </ItemGroup>
  <ItemGroup>
    <ClInclude Include="GameProjectApp.h">
      <Filter>Header Files</Filter>
    </ClInclude>
    <ClInclude Include="stdafx.h">
      <Filter>Header Files</Filter>
    </ClInclude>
    <ClInclude Include="ResourceManager.h">
      <Filter>Header Files</Filter>
    </ClInclude>
    <ClInclude Include="Component.h">
      <Filter>Header Files\Entities\Components</Filter>
    </ClInclude>
    <ClInclude Include="Entity.h">
      <Filter>Header Files\Entities</Filter>
    </ClInclude>
    <ClInclude Include="Sprite.h">
      <Filter>Header Files\Entities\Components</Filter>
    </ClInclude>
    <ClInclude Include="Observer.h">
      <Filter>Header Files\Observer</Filter>
    </ClInclude>
    <ClInclude Include="Subject.h">
      <Filter>Header Files\Observer</Filter>
    </ClInclude>
    <ClInclude Include="EventManager.h">
      <Filter>Header Files\Observer</Filter>
    </ClInclude>
    <ClInclude Include="TextBar.h">
      <Filter>Header Files\UI Elements</Filter>
    </ClInclude>
    <ClInclude Include="Button.h">
      <Filter>Header Files\UI Elements</Filter>
    </ClInclude>
    <ClInclude Include="EventBase.h">
      <Filter>Header Files\Observer\Events</Filter>
    </ClInclude>
    <ClInclude Include="Event.h">
      <Filter>Header Files\Observer\Events</Filter>
    </ClInclude>
    <ClInclude Include="InputEvent.h">
      <Filter>Header Files\Observer\Events</Filter>
    </ClInclude>
    <ClInclude Include="SpriteBase.h">
      <Filter>Header Files\Entities\Components</Filter>
    </ClInclude>
    <ClInclude Include="Filepaths.h">
      <Filter>Header Files</Filter>
    </ClInclude>
    <ClInclude Include="Collider.h">
      <Filter>Header Files\Entities\Components</Filter>
    </ClInclude>
    <ClInclude Include="MultiSprite.h">
      <Filter>Header Files\Entities\Components</Filter>
    </ClInclude>
    <ClInclude Include="SceneObject.h">
      <Filter>Header Files\Entities</Filter>
    </ClInclude>
    <ClInclude Include="EntityFactory.h">
      <Filter>Header Files\Entities</Filter>
    </ClInclude>
    <ClInclude Include="CollisionEvent.h">
      <Filter>Header Files\Observer\Events</Filter>
    </ClInclude>
    <ClInclude Include="Behaviour.h">
      <Filter>Header Files\Entities\Behaviours</Filter>
    </ClInclude>
    <ClInclude Include="KeyboardController.h">
      <Filter>Header Files\Entities\Behaviours</Filter>
    </ClInclude>
    <ClInclude Include="StateMachine.h">
      <Filter>Header Files\State Machine</Filter>
    </ClInclude>
    <ClInclude Include="State.h">
      <Filter>Header Files\State Machine</Filter>
    </ClInclude>
    <ClInclude Include="Transition.h">
      <Filter>Header Files\State Machine</Filter>
    </ClInclude>
    <ClInclude Include="Condition.h">
      <Filter>Header Files\State Machine\Conditions</Filter>
    </ClInclude>
    <ClInclude Include="ComplexCondition.h">
      <Filter>Header Files\State Machine\Conditions\Complex Conditions</Filter>
    </ClInclude>
    <ClInclude Include="BinaryCondition.h">
      <Filter>Header Files\State Machine\Conditions\Complex Conditions</Filter>
    </ClInclude>
    <ClInclude Include="AndCondition.h">
      <Filter>Header Files\State Machine\Conditions\Complex Conditions</Filter>
    </ClInclude>
    <ClInclude Include="OrCondition.h">
      <Filter>Header Files\State Machine\Conditions\Complex Conditions</Filter>
    </ClInclude>
    <ClInclude Include="NotCondition.h">
      <Filter>Header Files\State Machine\Conditions\Complex Conditions</Filter>
    </ClInclude>
    <ClInclude Include="Agent.h">
      <Filter>Header Files\Entities\Components\Agents</Filter>
    </ClInclude>
    <ClInclude Include="FSMAgent.h">
      <Filter>Header Files\Entities\Components\Agents</Filter>
    </ClInclude>
    <ClInclude Include="ShipAgent.h">
      <Filter>Header Files\Entities\Components\Agents</Filter>
    </ClInclude>
    <ClInclude Include="utility.h">
      <Filter>Header Files</Filter>
    </ClInclude>
    <ClInclude Include="SteeringForce.h">
      <Filter>Header Files\Entities\Behaviours\Steering</Filter>
    </ClInclude>
    <ClInclude Include="Target.h">
      <Filter>Header Files\Entities\Behaviours\Steering</Filter>
    </ClInclude>
    <ClInclude Include="SeekForce.h">
      <Filter>Header Files\Entities\Behaviours\Steering</Filter>
    </ClInclude>
    <ClInclude Include="DrunkenModifier.h">
      <Filter>Header Files\Entities\Behaviours</Filter>
    </ClInclude>
    <ClInclude Include="GuardStates.h">
      <Filter>Header Files\State Machine\States</Filter>
    </ClInclude>
    <ClInclude Include="FSMBehaviour.h">
      <Filter>Header Files\Entities\Behaviours</Filter>
    </ClInclude>
    <ClInclude Include="TargetInRangeCondition.h">
      <Filter>Header Files\State Machine\Conditions</Filter>
    </ClInclude>
    <ClInclude Include="TimerCondition.h">
      <Filter>Header Files\State Machine\Conditions</Filter>
    </ClInclude>
    <ClInclude Include="GuardStateMachine.h">
      <Filter>Header Files\State Machine\States</Filter>
    </ClInclude>
  </ItemGroup>
</Project>